Microsoft Visual Studio Solution File, Format Version 12.00
# Visual Studio 2012
Project("{FAE04EC0-301F-11D3-BF4B-00C04F79EFBC}") = "ShapeGame", "ShapeGame.csproj", "{4F8F7252-1D53-4DC9-994B-48F06DEB4DDA}"
EndProject
Global
	GlobalSection(SolutionConfigurationPlatforms) = preSolution
	Debug|Any CPU = Debug|Any CPU
	ExportDebug|Any CPU = ExportDebug|Any CPU
	ExportRelease|Any CPU = ExportRelease|Any CPU
	EndGlobalSection
	GlobalSection(ProjectConfigurationPlatforms) = postSolution
		{4F8F7252-1D53-4DC9-994B-48F06DEB4DDA}.Debug|Any CPU.ActiveCfg = Debug|Any CPU
		{4F8F7252-1D53-4DC9-994B-48F06DEB4DDA}.Debug|Any CPU.Build.0 = Debug|Any CPU
		{4F8F7252-1D53-4DC9-994B-48F06DEB4DDA}.ExportDebug|Any CPU.ActiveCfg = ExportDebug|Any CPU
		{4F8F7252-1D53-4DC9-994B-48F06DEB4DDA}.ExportDebug|Any CPU.Build.0 = ExportDebug|Any CPU
		{4F8F7252-1D53-4DC9-994B-48F06DEB4DDA}.ExportRelease|Any CPU.ActiveCfg = ExportRelease|Any CPU
		{4F8F7252-1D53-4DC9-994B-48F06DEB4DDA}.ExportRelease|Any CPU.Build.0 = ExportRelease|Any CPU
	EndGlobalSection
EndGlobal
